
Microsoft Visual Studio Solution File, Format Version 12.00
# Visual Studio 15
Project("{FAE04EC0-301F-11D3-BF4B-00C04F79EFBC}") = "Assembly-CSharp", "Assembly-CSharp.csproj", "{92C4879D-9160-A845-C328-13C2BCA96E70}"
EndProject
Project("{FAE04EC0-301F-11D3-BF4B-00C04F79EFBC}") = "Assembly-CSharp-Editor", "Assembly-CSharp-Editor.csproj", "{CFBCAA90-13A9-E70C-CE1E-F12F6CECECB4}"
EndProject
Global
	GlobalSection(SolutionConfigurationPlatforms) = preSolution
		Debug|Any CPU = Debug|Any CPU
		Release|Any CPU = Release|Any CPU
	EndGlobalSection
	GlobalSection(ProjectConfigurationPlatforms) = postSolution
		{92C4879D-9160-A845-C328-13C2BCA96E70}.Debug|Any CPU.ActiveCfg = Debug|Any CPU
		{92C4879D-9160-A845-C328-13C2BCA96E70}.Debug|Any CPU.Build.0 = Debug|Any CPU
		{92C4879D-9160-A845-C328-13C2BCA96E70}.Release|Any CPU.ActiveCfg = Release|Any CPU
		{92C4879D-9160-A845-C328-13C2BCA96E70}.Release|Any CPU.Build.0 = Release|Any CPU
		{CFBCAA90-13A9-E70C-CE1E-F12F6CECECB4}.Debug|Any CPU.ActiveCfg = Debug|Any CPU
		{CFBCAA90-13A9-E70C-CE1E-F12F6CECECB4}.Debug|Any CPU.Build.0 = Debug|Any CPU
		{CFBCAA90-13A9-E70C-CE1E-F12F6CECECB4}.Release|Any CPU.ActiveCfg = Release|Any CPU
		{CFBCAA90-13A9-E70C-CE1E-F12F6CECECB4}.Release|Any CPU.Build.0 = Release|Any CPU
	EndGlobalSection
	GlobalSection(SolutionProperties) = preSolution
		HideSolutionNode = FALSE
	EndGlobalSection
EndGlobal
